Microsoft Visual Studio Solution File, Format Version 12.00
# Visual Studio Version 17
VisualStudioVersion = 17.5.2.0
MinimumVisualStudioVersion = 10.0.40219.1
Project("{FAE04EC0-301F-11D3-BF4B-00C04F79EFBC}") = "Lab1", "Lab1\Lab1.csproj", "{4C38379F-6B46-EF58-4F1F-EC66EF1F7497}"
EndProject
Project("{FAE04EC0-301F-11D3-BF4B-00C04F79EFBC}") = "Lab2", "Lab2\Lab2.csproj", "{94C4DEFA-1DD8-4B86-96B4-017539D000C3}"
EndProject
Project("{FAE04EC0-301F-11D3-BF4B-00C04F79EFBC}") = "Lab3", "Lab3\Lab3.csproj", "{54B62B13-FD6E-4522-8FB8-9F7B544D79CE}"
EndProject
Project("{FAE04EC0-301F-11D3-BF4B-00C04F79EFBC}") = "Lab4", "Lab4\Lab4.csproj", "{D45DE384-5ACA-4934-931D-9AACEF57565D}"
EndProject
Project("{FAE04EC0-301F-11D3-BF4B-00C04F79EFBC}") = "Lab4.1", "Lab4.1\Lab4.1.csproj", "{BB4B909A-4183-4BE3-9E7F-671DA137D782}"
EndProject
Project("{FAE04EC0-301F-11D3-BF4B-00C04F79EFBC}") = "Lab5", "Lab5\Lab5.csproj", "{B3C9F5D7-485D-4C34-9D13-55E4B823C0CD}"
EndProject
Project("{FAE04EC0-301F-11D3-BF4B-00C04F79EFBC}") = "Lab6", "Lab6\Lab6.csproj", "{4E05B819-CE9F-4D98-870F-ED72B080A716}"
EndProject
Global
	GlobalSection(SolutionConfigurationPlatforms) = preSolution
		Debug|Any CPU = Debug|Any CPU
		Release|Any CPU = Release|Any CPU
	EndGlobalSection
	GlobalSection(ProjectConfigurationPlatforms) = postSolution
		{4C38379F-6B46-EF58-4F1F-EC66EF1F7497}.Debug|Any CPU.ActiveCfg = Debug|Any CPU
		{4C38379F-6B46-EF58-4F1F-EC66EF1F7497}.Debug|Any CPU.Build.0 = Debug|Any CPU
		{4C38379F-6B46-EF58-4F1F-EC66EF1F7497}.Release|Any CPU.ActiveCfg = Release|Any CPU
		{4C38379F-6B46-EF58-4F1F-EC66EF1F7497}.Release|Any CPU.Build.0 = Release|Any CPU
		{94C4DEFA-1DD8-4B86-96B4-017539D000C3}.Debug|Any CPU.ActiveCfg = Debug|Any CPU
		{94C4DEFA-1DD8-4B86-96B4-017539D000C3}.Debug|Any CPU.Build.0 = Debug|Any CPU
		{94C4DEFA-1DD8-4B86-96B4-017539D000C3}.Release|Any CPU.ActiveCfg = Release|Any CPU
		{94C4DEFA-1DD8-4B86-96B4-017539D000C3}.Release|Any CPU.Build.0 = Release|Any CPU
		{54B62B13-FD6E-4522-8FB8-9F7B544D79CE}.Debug|Any CPU.ActiveCfg = Debug|Any CPU
		{54B62B13-FD6E-4522-8FB8-9F7B544D79CE}.Debug|Any CPU.Build.0 = Debug|Any CPU
		{54B62B13-FD6E-4522-8FB8-9F7B544D79CE}.Release|Any CPU.ActiveCfg = Release|Any CPU
		{54B62B13-FD6E-4522-8FB8-9F7B544D79CE}.Release|Any CPU.Build.0 = Release|Any CPU
		{D45DE384-5ACA-4934-931D-9AACEF57565D}.Debug|Any CPU.ActiveCfg = Debug|Any CPU
		{D45DE384-5ACA-4934-931D-9AACEF57565D}.Debug|Any CPU.Build.0 = Debug|Any CPU
		{D45DE384-5ACA-4934-931D-9AACEF57565D}.Release|Any CPU.ActiveCfg = Release|Any CPU
		{D45DE384-5ACA-4934-931D-9AACEF57565D}.Release|Any CPU.Build.0 = Release|Any CPU
		{BB4B909A-4183-4BE3-9E7F-671DA137D782}.Debug|Any CPU.ActiveCfg = Debug|Any CPU
		{BB4B909A-4183-4BE3-9E7F-671DA137D782}.Debug|Any CPU.Build.0 = Debug|Any CPU
		{BB4B909A-4183-4BE3-9E7F-671DA137D782}.Release|Any CPU.ActiveCfg = Release|Any CPU
		{BB4B909A-4183-4BE3-9E7F-671DA137D782}.Release|Any CPU.Build.0 = Release|Any CPU
		{B3C9F5D7-485D-4C34-9D13-55E4B823C0CD}.Debug|Any CPU.ActiveCfg = Debug|Any CPU
		{B3C9F5D7-485D-4C34-9D13-55E4B823C0CD}.Debug|Any CPU.Build.0 = Debug|Any CPU
		{B3C9F5D7-485D-4C34-9D13-55E4B823C0CD}.Release|Any CPU.ActiveCfg = Release|Any CPU
		{B3C9F5D7-485D-4C34-9D13-55E4B823C0CD}.Release|Any CPU.Build.0 = Release|Any CPU
		{4E05B819-CE9F-4D98-870F-ED72B080A716}.Debug|Any CPU.ActiveCfg = Debug|Any CPU
		{4E05B819-CE9F-4D98-870F-ED72B080A716}.Debug|Any CPU.Build.0 = Debug|Any CPU
		{4E05B819-CE9F-4D98-870F-ED72B080A716}.Release|Any CPU.ActiveCfg = Release|Any CPU
		{4E05B819-CE9F-4D98-870F-ED72B080A716}.Release|Any CPU.Build.0 = Release|Any CPU
	EndGlobalSection
	GlobalSection(SolutionProperties) = preSolution
		HideSolutionNode = FALSE
	EndGlobalSection
	GlobalSection(ExtensibilityGlobals) = postSolution
		SolutionGuid = {059E5E7C-7545-41FA-82FD-7EF28436B29D}
	EndGlobalSection
EndGlobal
